
Microsoft Visual Studio Solution File, Format Version 11.00
# Visual Studio 2010
Project("{FAE04EC0-301F-11D3-BF4B-00C04F79EFBC}") = "Vortex", "Vortex\Vortex.csproj", "{96824359-6AFA-4608-BBA7-57865C77D3A1}"
EndProject
Global
	GlobalSection(SolutionConfigurationPlatforms) = preSolution
		Debug|x86 = Debug|x86
		Release|x86 = Release|x86
	EndGlobalSection
	GlobalSection(ProjectConfigurationPlatforms) = postSolution
		{96824359-6AFA-4608-BBA7-57865C77D3A1}.Debug|x86.ActiveCfg = Debug|x86
		{96824359-6AFA-4608-BBA7-57865C77D3A1}.Debug|x86.Build.0 = Debug|x86
		{96824359-6AFA-4608-BBA7-57865C77D3A1}.Release|x86.ActiveCfg = Release|x86
		{96824359-6AFA-4608-BBA7-57865C77D3A1}.Release|x86.Build.0 = Release|x86
	EndGlobalSection
	GlobalSection(MonoDevelopProperties) = preSolution
		StartupItem = Vortex\Vortex.csproj
		Policies = $0
		$0.VersionControlPolicy = $1
		$1.inheritsSet = Mono
	EndGlobalSection
EndGlobal
